{
  "name": "rong_hub_wx",
  "version": "1.0.0",
  "lockfileVersion": 3,
  "requires": true,
  "packages": {
    "": {
      "name": "rong_hub_wx",
      "version": "1.0.0",
      "license": "ISC",
      "dependencies": {
        "@vant/weapp": "^1.11.7",
        "miniprogram-sm-crypto": "^0.3.13",
        "vant-weapp": "^0.5.29"
      }
    },
    "node_modules/@vant/weapp": {
      "version": "1.11.7",
      "resolved": "https://registry.npmmirror.com/@vant/weapp/-/weapp-1.11.7.tgz",
      "integrity": "sha512-Rwn9BBnb4kHSV4XmvBicwtd42J+amEUfnFDcXJsGNPNX4a9c/DoT6YLsm4X1wB2+sQbdiQsbFBLAvGRBxCkD8g==",
      "license": "MIT"
    },
    "node_modules/jsbn": {
      "version": "1.1.0",
      "resolved": "https://registry.npmmirror.com/jsbn/-/jsbn-1.1.0.tgz",
      "integrity": "sha512-4bYVV3aAMtDTTu4+xsDYa6sy9GyJ69/amsu9sYF2zqjiEoZA5xJi3BrfX3uY+/IekIu7MwdObdbDWpoZdBv3/A==",
      "license": "MIT"
    },
    "node_modules/miniprogram-sm-crypto": {
      "version": "0.3.13",
      "resolved": "https://registry.npmmirror.com/miniprogram-sm-crypto/-/miniprogram-sm-crypto-0.3.13.tgz",
      "integrity": "sha512-H7qwbCEmIXZzekCSgEWeHh1mb4cnz0E42YH3U5xqpOaJBB2Sj9ySq0hTGv0f+Jwo5SknABR6fw+EtjnMyJ/O/Q==",
      "license": "MIT",
      "dependencies": {
        "jsbn": "^1.1.0"
      }
    },
    "node_modules/vant-weapp": {
      "version": "0.5.29",
      "resolved": "https://registry.npmmirror.com/vant-weapp/-/vant-weapp-0.5.29.tgz",
      "integrity": "sha512-RMc0Ga914XFwspw2WuOMU8bOHlIkua8X1DoQ/KPnGQzjwT1uEL4S7W186EmaHF1wN2krB9BVd0LdRRt39dGh6Q==",
      "license": "MIT"
    }
  }
}
